
Microsoft Visual Studio Solution File, Format Version 12.00
# Visual Studio Version 16
VisualStudioVersion = 16.0.29905.134
MinimumVisualStudioVersion = 10.0.40219.1
Project("{FAE04EC0-301F-11D3-BF4B-00C04F79EFBC}") = "modbusTest", "modbusTest\modbusTest.csproj", "{C29BF9AB-4EEC-449C-809E-40B690DA3631}"
EndProject
Global
	GlobalSection(SolutionConfigurationPlatforms) = preSolution
		Debug|Any CPU = Debug|Any CPU
		Release|Any CPU = Release|Any CPU
	EndGlobalSection
	GlobalSection(ProjectConfigurationPlatforms) = postSolution
		{C29BF9AB-4EEC-449C-809E-40B690DA3631}.Debug|Any CPU.ActiveCfg = Debug|Any CPU
		{C29BF9AB-4EEC-449C-809E-40B690DA3631}.Debug|Any CPU.Build.0 = Debug|Any CPU
		{C29BF9AB-4EEC-449C-809E-40B690DA3631}.Release|Any CPU.ActiveCfg = Release|Any CPU
		{C29BF9AB-4EEC-449C-809E-40B690DA3631}.Release|Any CPU.Build.0 = Release|Any CPU
	EndGlobalSection
	GlobalSection(SolutionProperties) = preSolution
		HideSolutionNode = FALSE
	EndGlobalSection
	GlobalSection(ExtensibilityGlobals) = postSolution
		SolutionGuid = {961DC9B3-D49E-4E09-B2C8-435D72B5F626}
	EndGlobalSection
EndGlobal
